
Microsoft Visual Studio Solution File, Format Version 12.00
# Visual Studio Version 16
VisualStudioVersion = 16.0.29418.71
MinimumVisualStudioVersion = 10.0.40219.1
Project("{FAE04EC0-301F-11D3-BF4B-00C04F79EFBC}") = "FlashToolTest", "FlashToolTest.csproj", "{61F5064E-263A-45F4-A640-A0E43FB06B0F}"
EndProject
Global
	GlobalSection(SolutionConfigurationPlatforms) = preSolution
		Debug|Any CPU = Debug|Any CPU
		Release|Any CPU = Release|Any CPU
	EndGlobalSection
	GlobalSection(ProjectConfigurationPlatforms) = postSolution
		{61F5064E-263A-45F4-A640-A0E43FB06B0F}.Debug|Any CPU.ActiveCfg = Debug|Any CPU
		{61F5064E-263A-45F4-A640-A0E43FB06B0F}.Debug|Any CPU.Build.0 = Debug|Any CPU
		{61F5064E-263A-45F4-A640-A0E43FB06B0F}.Release|Any CPU.ActiveCfg = Release|Any CPU
		{61F5064E-263A-45F4-A640-A0E43FB06B0F}.Release|Any CPU.Build.0 = Release|Any CPU
	EndGlobalSection
	GlobalSection(SolutionProperties) = preSolution
		HideSolutionNode = FALSE
	EndGlobalSection
	GlobalSection(ExtensibilityGlobals) = postSolution
		SolutionGuid = {686C503C-756C-40DF-9617-55C04C7D60F1}
	EndGlobalSection
EndGlobal
